
Microsoft Visual Studio Solution File, Format Version 12.00
# Visual Studio Version 17
VisualStudioVersion = 17.10.34928.147
MinimumVisualStudioVersion = 10.0.40219.1
Project("{FAE04EC0-301F-11D3-BF4B-00C04F79EFBC}") = "HomeWork_Basic_04_addone", "HomeWork_Basic_04_addone.csproj", "{953A276D-7931-4CF5-BE2C-69E7ED973F65}"
EndProject
Global
	GlobalSection(SolutionConfigurationPlatforms) = preSolution
		Debug|Any CPU = Debug|Any CPU
		Release|Any CPU = Release|Any CPU
	EndGlobalSection
	GlobalSection(ProjectConfigurationPlatforms) = postSolution
		{953A276D-7931-4CF5-BE2C-69E7ED973F65}.Debug|Any CPU.ActiveCfg = Debug|Any CPU
		{953A276D-7931-4CF5-BE2C-69E7ED973F65}.Debug|Any CPU.Build.0 = Debug|Any CPU
		{953A276D-7931-4CF5-BE2C-69E7ED973F65}.Release|Any CPU.ActiveCfg = Release|Any CPU
		{953A276D-7931-4CF5-BE2C-69E7ED973F65}.Release|Any CPU.Build.0 = Release|Any CPU
	EndGlobalSection
	GlobalSection(SolutionProperties) = preSolution
		HideSolutionNode = FALSE
	EndGlobalSection
	GlobalSection(ExtensibilityGlobals) = postSolution
		SolutionGuid = {2A05CEA5-4B0C-4CB5-AABA-431AF4F3E213}
	EndGlobalSection
EndGlobal
